
Microsoft Visual Studio Solution File, Format Version 12.00
# Visual Studio 14
VisualStudioVersion = 14.0.25420.1
MinimumVisualStudioVersion = 10.0.40219.1
Project("{FAE04EC0-301F-11D3-BF4B-00C04F79EFBC}") = "DAO", "DAO\DAO.csproj", "{63C011C1-5C1B-4A2E-82BF-11EFB6C428F1}"
EndProject
Project("{FAE04EC0-301F-11D3-BF4B-00C04F79EFBC}") = "BUS", "BUS\BUS.csproj", "{EB81267A-3F73-458C-8D41-B7E3A8437FDD}"
EndProject
Project("{FAE04EC0-301F-11D3-BF4B-00C04F79EFBC}") = "GUI", "GUI\GUI.csproj", "{17D131C1-E3CA-462F-8800-D56AADF817DF}"
EndProject
Project("{FAE04EC0-301F-11D3-BF4B-00C04F79EFBC}") = "DTO", "DTO\DTO.csproj", "{E31A364A-F06D-487D-AA8B-515C5F5DD90F}"
EndProject
Global
	GlobalSection(SolutionConfigurationPlatforms) = preSolution
		Debug|Any CPU = Debug|Any CPU
		Release|Any CPU = Release|Any CPU
	EndGlobalSection
	GlobalSection(ProjectConfigurationPlatforms) = postSolution
		{63C011C1-5C1B-4A2E-82BF-11EFB6C428F1}.Debug|Any CPU.ActiveCfg = Debug|Any CPU
		{63C011C1-5C1B-4A2E-82BF-11EFB6C428F1}.Debug|Any CPU.Build.0 = Debug|Any CPU
		{63C011C1-5C1B-4A2E-82BF-11EFB6C428F1}.Release|Any CPU.ActiveCfg = Release|Any CPU
		{63C011C1-5C1B-4A2E-82BF-11EFB6C428F1}.Release|Any CPU.Build.0 = Release|Any CPU
		{EB81267A-3F73-458C-8D41-B7E3A8437FDD}.Debug|Any CPU.ActiveCfg = Debug|Any CPU
		{EB81267A-3F73-458C-8D41-B7E3A8437FDD}.Debug|Any CPU.Build.0 = Debug|Any CPU
		{EB81267A-3F73-458C-8D41-B7E3A8437FDD}.Release|Any CPU.ActiveCfg = Release|Any CPU
		{EB81267A-3F73-458C-8D41-B7E3A8437FDD}.Release|Any CPU.Build.0 = Release|Any CPU
		{17D131C1-E3CA-462F-8800-D56AADF817DF}.Debug|Any CPU.ActiveCfg = Debug|Any CPU
		{17D131C1-E3CA-462F-8800-D56AADF817DF}.Debug|Any CPU.Build.0 = Debug|Any CPU
		{17D131C1-E3CA-462F-8800-D56AADF817DF}.Release|Any CPU.ActiveCfg = Release|Any CPU
		{17D131C1-E3CA-462F-8800-D56AADF817DF}.Release|Any CPU.Build.0 = Release|Any CPU
		{E31A364A-F06D-487D-AA8B-515C5F5DD90F}.Debug|Any CPU.ActiveCfg = Debug|Any CPU
		{E31A364A-F06D-487D-AA8B-515C5F5DD90F}.Debug|Any CPU.Build.0 = Debug|Any CPU
		{E31A364A-F06D-487D-AA8B-515C5F5DD90F}.Release|Any CPU.ActiveCfg = Release|Any CPU
		{E31A364A-F06D-487D-AA8B-515C5F5DD90F}.Release|Any CPU.Build.0 = Release|Any CPU
	EndGlobalSection
	GlobalSection(SolutionProperties) = preSolution
		HideSolutionNode = FALSE
	EndGlobalSection
EndGlobal
